
Microsoft Visual Studio Solution File, Format Version 12.00
# Visual Studio Version 17
VisualStudioVersion = 17.5.33424.131
MinimumVisualStudioVersion = 10.0.40219.1
Project("{9A19103F-16F7-4668-BE54-9A1E7A4F7556}") = "TodoApiDataLayerTesting", "src\TodoApiDataLayerTesting\TodoApiDataLayerTesting.csproj", "{4204E005-653B-4AC1-8AA8-63B6AC329187}"
EndProject
Project("{9A19103F-16F7-4668-BE54-9A1E7A4F7556}") = "TodoAPI.UnitTests", "src\TodoAPI.UnitTests\TodoAPI.UnitTests.csproj", "{F38C99E0-84F0-4334-8776-F7C6095EFB8D}"
EndProject
Project("{9A19103F-16F7-4668-BE54-9A1E7A4F7556}") = "TodoApi", "src\TodoApi-Completed\TodoApi.csproj", "{D5D3EABB-C25D-4E99-971E-085FCF220C70}"
EndProject
Global
	GlobalSection(SolutionConfigurationPlatforms) = preSolution
		Debug|Any CPU = Debug|Any CPU
		Release|Any CPU = Release|Any CPU
	EndGlobalSection
	GlobalSection(ProjectConfigurationPlatforms) = postSolution
		{4204E005-653B-4AC1-8AA8-63B6AC329187}.Debug|Any CPU.ActiveCfg = Debug|Any CPU
		{4204E005-653B-4AC1-8AA8-63B6AC329187}.Debug|Any CPU.Build.0 = Debug|Any CPU
		{4204E005-653B-4AC1-8AA8-63B6AC329187}.Release|Any CPU.ActiveCfg = Release|Any CPU
		{4204E005-653B-4AC1-8AA8-63B6AC329187}.Release|Any CPU.Build.0 = Release|Any CPU
		{F38C99E0-84F0-4334-8776-F7C6095EFB8D}.Debug|Any CPU.ActiveCfg = Debug|Any CPU
		{F38C99E0-84F0-4334-8776-F7C6095EFB8D}.Debug|Any CPU.Build.0 = Debug|Any CPU
		{F38C99E0-84F0-4334-8776-F7C6095EFB8D}.Release|Any CPU.ActiveCfg = Release|Any CPU
		{F38C99E0-84F0-4334-8776-F7C6095EFB8D}.Release|Any CPU.Build.0 = Release|Any CPU
		{D5D3EABB-C25D-4E99-971E-085FCF220C70}.Debug|Any CPU.ActiveCfg = Debug|Any CPU
		{D5D3EABB-C25D-4E99-971E-085FCF220C70}.Debug|Any CPU.Build.0 = Debug|Any CPU
		{D5D3EABB-C25D-4E99-971E-085FCF220C70}.Release|Any CPU.ActiveCfg = Release|Any CPU
		{D5D3EABB-C25D-4E99-971E-085FCF220C70}.Release|Any CPU.Build.0 = Release|Any CPU
	EndGlobalSection
	GlobalSection(SolutionProperties) = preSolution
		HideSolutionNode = FALSE
	EndGlobalSection
	GlobalSection(ExtensibilityGlobals) = postSolution
		SolutionGuid = {EF5B1D0D-F5C0-40A4-8507-BCF66943DE88}
	EndGlobalSection
EndGlobal
